{
    "format_version": "1.1",
    "terraform_version": "1.3.7",
    "planned_values": {
        "root_module": {
            "resources": [
                {
                    "address": "aws_s3_bucket.demo-bucket",
                    "mode": "managed",
                    "type": "aws_s3_bucket",
                    "name": "demo-bucket",
                    "provider_name": "registry.terraform.io/hashicorp/aws",
                    "schema_version": 0,
                    "values": {
                        "acl": "private",
                        "bucket": "ck-demo-bucket",
                        "bucket_prefix": null,
                        "cors_rule": [],
                        "force_destroy": false,
                        "grant": [],
                        "lifecycle_rule": [],
                        "logging": [],
                        "policy": null,
                        "replication_configuration": [],
                        "tags": {
                            "Name": "S3Bucket"
                        },
                        "tags_all": {
                            "Name": "S3Bucket"
                        },
                        "website": []
                    },
                    "sensitive_values": {
                        "cors_rule": [],
                        "grant": [],
                        "lifecycle_rule": [],
                        "logging": [],
                        "object_lock_configuration": [],
                        "replication_configuration": [],
                        "server_side_encryption_configuration": [],
                        "tags": {},
                        "tags_all": {},
                        "versioning": [],
                        "website": []
                    }
                }
            ]
        }
    },
    "resource_changes": [
        {
            "address": "aws_s3_bucket.demo-bucket",
            "mode": "managed",
            "type": "aws_s3_bucket",
            "name": "demo-bucket",
            "provider_name": "registry.terraform.io/hashicorp/aws",
            "change": {
                "actions": [
                    "create"
                ],
                "before": null,
                "after": {
                    "acl": "public",
                    "bucket": "ck-demo-bucket",
                    "bucket_prefix": null,
                    "cors_rule": [],
                    "force_destroy": false,
                    "grant": [],
                    "lifecycle_rule": [],
                    "logging": [],
                    "policy": null,
                    "replication_configuration": [],
                    "tags": {
                        "Name": "S3Bucket"
                    },
                    "tags_all": {
                        "Name": "S3Bucket"
                    },
                    "website": []
                },
                "after_unknown": {
                    "acceleration_status": true,
                    "arn": true,
                    "bucket_domain_name": true,
                    "bucket_regional_domain_name": true,
                    "cors_rule": [],
                    "grant": [],
                    "hosted_zone_id": true,
                    "id": true,
                    "lifecycle_rule": [],
                    "logging": [],
                    "object_lock_configuration": true,
                    "object_lock_enabled": true,
                    "region": true,
                    "replication_configuration": [],
                    "request_payer": true,
                    "server_side_encryption_configuration": true,
                    "tags": {},
                    "tags_all": {},
                    "versioning": true,
                    "website": [],
                    "website_domain": true,
                    "website_endpoint": true
                },
                "before_sensitive": false,
                "after_sensitive": {
                    "cors_rule": [],
                    "grant": [],
                    "lifecycle_rule": [],
                    "logging": [],
                    "object_lock_configuration": [],
                    "replication_configuration": [],
                    "server_side_encryption_configuration": [],
                    "tags": {},
                    "tags_all": {},
                    "versioning": [],
                    "website": []
                }
            }
        }
    ],
    "configuration": {
        "provider_config": {
            "aws": {
                "name": "aws",
                "full_name": "registry.terraform.io/hashicorp/aws",
                "version_constraint": "~> 3.27",
                "expressions": {
                    "profile": {
                        "constant_value": "default"
                    },
                    "region": {
                        "constant_value": "ap-south-1"
                    }
                }
            }
        },
        "root_module": {
            "resources": [
                {
                    "address": "aws_s3_bucket.demo-bucket",
                    "mode": "managed",
                    "type": "aws_s3_bucket",
                    "name": "demo-bucket",
                    "provider_config_key": "aws",
                    "expressions": {
                        "bucket": {
                            "constant_value": "ck-demo-bucket"
                        },
                        "tags": {
                            "constant_value": {
                                "Name": "S3Bucket"
                            }
                        }
                    },
                    "schema_version": 0
                }
            ]
        }
    }
}
