{
  "version": 4,
  "terraform_version": "1.2.0",
  "serial": 7,
  "lineage": "619fcecc-5f97-92be-b3ac-92fa2ea1f380",
  "outputs": {
    "kubernetes_cluster_name": {
      "value": "rg_sb_eastus_45960_1_170628036528",
      "type": "string"
    }
  },
  "resources": [
    {
      "mode": "managed",
      "type": "random_pet",
      "name": "prefix",
      "provider": "provider[\"registry.terraform.io/hashicorp/random\"]",
      "instances": [
        {
          "schema_version": 0,
          "attributes": {
            "id": "above-dingo",
            "keepers": null,
            "length": 2,
            "prefix": null,
            "separator": "-"
          },
          "sensitive_attributes": []
        }
      ]
    }
  ]
}
